
Microsoft Visual Studio Solution File, Format Version 12.00
# Visual Studio 15
VisualStudioVersion = 15.0.28307.271
MinimumVisualStudioVersion = 10.0.40219.1
Project("{2150E333-8FDC-42A3-9474-1A3956D46DE8}") = "BuildingBlocks", "BuildingBlocks", "{99386590-8A31-4357-9F81-06017BA5D325}"
EndProject
Project("{2150E333-8FDC-42A3-9474-1A3956D46DE8}") = "DataProtection", "DataProtection", "{F0B93307-0535-44D9-8242-2206DB4F3632}"
EndProject
Project("{9A19103F-16F7-4668-BE54-9A1E7A4F7556}") = "DataProtection", "BuildingBlocks\DataProtection\DataProtection\DataProtection.csproj", "{F6CA9581-1B0D-4170-98C8-E1273179B56F}"
EndProject
Project("{2150E333-8FDC-42A3-9474-1A3956D46DE8}") = "EventBus", "EventBus", "{A897384D-0E04-454F-B9C1-257F3C2F8010}"
EndProject
Project("{2150E333-8FDC-42A3-9474-1A3956D46DE8}") = "EventBus", "EventBus", "{B227C7D1-D3BA-4B6B-83DA-82D2AED98C49}"
EndProject
Project("{9A19103F-16F7-4668-BE54-9A1E7A4F7556}") = "EventBus", "BuildingBlocks\EventBus\EventBus\EventBus.csproj", "{A4D70622-01DE-4507-9A63-EE49566A2E23}"
EndProject
Project("{2150E333-8FDC-42A3-9474-1A3956D46DE8}") = "EventBusRabbitMQ", "EventBusRabbitMQ", "{AB5444B0-357D-4E43-8A41-EA6A6B51EAE0}"
EndProject
Project("{9A19103F-16F7-4668-BE54-9A1E7A4F7556}") = "EventBusRabbitMQ", "BuildingBlocks\EventBus\EventBusRabbitMQ\EventBusRabbitMQ.csproj", "{A9616E0B-DF08-4D22-AB82-970FB1A8CC24}"
EndProject
Project("{2150E333-8FDC-42A3-9474-1A3956D46DE8}") = "EventBusServiceBus", "EventBusServiceBus", "{EFD84152-B1CA-4591-91FE-ADA3A236ECCB}"
EndProject
Project("{9A19103F-16F7-4668-BE54-9A1E7A4F7556}") = "EventBusServiceBus", "BuildingBlocks\EventBus\EventBusServiceBus\EventBusServiceBus.csproj", "{9F7443A4-14D9-4D5A-A02C-B3ECD1BD1194}"
EndProject
Project("{2150E333-8FDC-42A3-9474-1A3956D46DE8}") = "IntegrationEventLogEF", "IntegrationEventLogEF", "{798DCA3A-2BC3-4BBB-A74A-D9E7569C3D7D}"
EndProject
Project("{9A19103F-16F7-4668-BE54-9A1E7A4F7556}") = "IntegrationEventLogEF", "BuildingBlocks\EventBus\IntegrationEventLogEF\IntegrationEventLogEF.csproj", "{F71F5BF1-984E-4009-805F-803D6F13BAF2}"
EndProject
Project("{2150E333-8FDC-42A3-9474-1A3956D46DE8}") = "Infrastructure", "Infrastructure", "{32F1F54B-DEEF-4D6A-9038-42EC582EEEFE}"
EndProject
Project("{2150E333-8FDC-42A3-9474-1A3956D46DE8}") = "BuildingBlocks.Infrastructure.Services", "BuildingBlocks.Infrastructure.Services", "{CE061642-408D-46EC-B279-E594271812AB}"
EndProject
Project("{9A19103F-16F7-4668-BE54-9A1E7A4F7556}") = "BuildingBlocks.Infrastructure.Services", "BuildingBlocks\Infrastructure\BuildingBlocks.Infrastructure.Services\BuildingBlocks.Infrastructure.Services.csproj", "{87FF9C10-408C-4C4D-B734-68B33C5B8F80}"
EndProject
Project("{2150E333-8FDC-42A3-9474-1A3956D46DE8}") = "Resilience", "Resilience", "{943AC42B-0F8A-4853-BF0E-CACEE0B04CF9}"
EndProject
Project("{9A19103F-16F7-4668-BE54-9A1E7A4F7556}") = "Resilience.Http", "BuildingBlocks\Resilience\Resilience.Http\Resilience.Http.csproj", "{20CE9811-274C-462F-9E16-48878089A6DF}"
EndProject
Project("{2150E333-8FDC-42A3-9474-1A3956D46DE8}") = "SeedWork", "SeedWork", "{C31453E8-D864-48CD-97CF-40AED903CC29}"
EndProject
Project("{9A19103F-16F7-4668-BE54-9A1E7A4F7556}") = "SeedWork.Domain", "BuildingBlocks\SeedWork\SeedWork.Domain\SeedWork.Domain.csproj", "{0B9D8A69-46D6-4C13-9A07-555BD4911C23}"
EndProject
Project("{2150E333-8FDC-42A3-9474-1A3956D46DE8}") = "WebHost", "WebHost", "{FD53D14D-9966-437C-98E0-13AFC61C80ED}"
EndProject
Project("{9A19103F-16F7-4668-BE54-9A1E7A4F7556}") = "WebHost.Customization", "BuildingBlocks\WebHost\WebHost.Customization\WebHost.Customization.csproj", "{A573422E-FDC2-4E1A-8ABF-84C738EFC0CE}"
EndProject
Project("{FAE04EC0-301F-11D3-BF4B-00C04F79EFBC}") = "EMS.Domain", "EMS.Domain\EMS.Domain.csproj", "{73531E2F-DC17-4957-920F-7DB9DCDB3861}"
EndProject
Project("{FAE04EC0-301F-11D3-BF4B-00C04F79EFBC}") = "EMS.Infrastructure", "EMS.Infrastructure\EMS.Infrastructure.csproj", "{F9EA040E-1CCC-4139-8503-ECD38058327F}"
EndProject
Project("{FAE04EC0-301F-11D3-BF4B-00C04F79EFBC}") = "EMS.WebSPA", "EMS.WebSPA\EMS.WebSPA.csproj", "{5FD0FBE3-598F-462B-B94C-D97E67103766}"
EndProject
Global
	GlobalSection(SolutionConfigurationPlatforms) = preSolution
		Debug|Any CPU = Debug|Any CPU
		Release|Any CPU = Release|Any CPU
	EndGlobalSection
	GlobalSection(ProjectConfigurationPlatforms) = postSolution
		{F6CA9581-1B0D-4170-98C8-E1273179B56F}.Debug|Any CPU.ActiveCfg = Debug|Any CPU
		{F6CA9581-1B0D-4170-98C8-E1273179B56F}.Debug|Any CPU.Build.0 = Debug|Any CPU
		{F6CA9581-1B0D-4170-98C8-E1273179B56F}.Release|Any CPU.ActiveCfg = Release|Any CPU
		{F6CA9581-1B0D-4170-98C8-E1273179B56F}.Release|Any CPU.Build.0 = Release|Any CPU
		{A4D70622-01DE-4507-9A63-EE49566A2E23}.Debug|Any CPU.ActiveCfg = Debug|Any CPU
		{A4D70622-01DE-4507-9A63-EE49566A2E23}.Debug|Any CPU.Build.0 = Debug|Any CPU
		{A4D70622-01DE-4507-9A63-EE49566A2E23}.Release|Any CPU.ActiveCfg = Release|Any CPU
		{A4D70622-01DE-4507-9A63-EE49566A2E23}.Release|Any CPU.Build.0 = Release|Any CPU
		{A9616E0B-DF08-4D22-AB82-970FB1A8CC24}.Debug|Any CPU.ActiveCfg = Debug|Any CPU
		{A9616E0B-DF08-4D22-AB82-970FB1A8CC24}.Debug|Any CPU.Build.0 = Debug|Any CPU
		{A9616E0B-DF08-4D22-AB82-970FB1A8CC24}.Release|Any CPU.ActiveCfg = Release|Any CPU
		{A9616E0B-DF08-4D22-AB82-970FB1A8CC24}.Release|Any CPU.Build.0 = Release|Any CPU
		{9F7443A4-14D9-4D5A-A02C-B3ECD1BD1194}.Debug|Any CPU.ActiveCfg = Debug|Any CPU
		{9F7443A4-14D9-4D5A-A02C-B3ECD1BD1194}.Debug|Any CPU.Build.0 = Debug|Any CPU
		{9F7443A4-14D9-4D5A-A02C-B3ECD1BD1194}.Release|Any CPU.ActiveCfg = Release|Any CPU
		{9F7443A4-14D9-4D5A-A02C-B3ECD1BD1194}.Release|Any CPU.Build.0 = Release|Any CPU
		{F71F5BF1-984E-4009-805F-803D6F13BAF2}.Debug|Any CPU.ActiveCfg = Debug|Any CPU
		{F71F5BF1-984E-4009-805F-803D6F13BAF2}.Debug|Any CPU.Build.0 = Debug|Any CPU
		{F71F5BF1-984E-4009-805F-803D6F13BAF2}.Release|Any CPU.ActiveCfg = Release|Any CPU
		{F71F5BF1-984E-4009-805F-803D6F13BAF2}.Release|Any CPU.Build.0 = Release|Any CPU
		{87FF9C10-408C-4C4D-B734-68B33C5B8F80}.Debug|Any CPU.ActiveCfg = Debug|Any CPU
		{87FF9C10-408C-4C4D-B734-68B33C5B8F80}.Debug|Any CPU.Build.0 = Debug|Any CPU
		{87FF9C10-408C-4C4D-B734-68B33C5B8F80}.Release|Any CPU.ActiveCfg = Release|Any CPU
		{87FF9C10-408C-4C4D-B734-68B33C5B8F80}.Release|Any CPU.Build.0 = Release|Any CPU
		{20CE9811-274C-462F-9E16-48878089A6DF}.Debug|Any CPU.ActiveCfg = Debug|Any CPU
		{20CE9811-274C-462F-9E16-48878089A6DF}.Debug|Any CPU.Build.0 = Debug|Any CPU
		{20CE9811-274C-462F-9E16-48878089A6DF}.Release|Any CPU.ActiveCfg = Release|Any CPU
		{20CE9811-274C-462F-9E16-48878089A6DF}.Release|Any CPU.Build.0 = Release|Any CPU
		{0B9D8A69-46D6-4C13-9A07-555BD4911C23}.Debug|Any CPU.ActiveCfg = Debug|Any CPU
		{0B9D8A69-46D6-4C13-9A07-555BD4911C23}.Debug|Any CPU.Build.0 = Debug|Any CPU
		{0B9D8A69-46D6-4C13-9A07-555BD4911C23}.Release|Any CPU.ActiveCfg = Release|Any CPU
		{0B9D8A69-46D6-4C13-9A07-555BD4911C23}.Release|Any CPU.Build.0 = Release|Any CPU
		{A573422E-FDC2-4E1A-8ABF-84C738EFC0CE}.Debug|Any CPU.ActiveCfg = Debug|Any CPU
		{A573422E-FDC2-4E1A-8ABF-84C738EFC0CE}.Debug|Any CPU.Build.0 = Debug|Any CPU
		{A573422E-FDC2-4E1A-8ABF-84C738EFC0CE}.Release|Any CPU.ActiveCfg = Release|Any CPU
		{A573422E-FDC2-4E1A-8ABF-84C738EFC0CE}.Release|Any CPU.Build.0 = Release|Any CPU
		{73531E2F-DC17-4957-920F-7DB9DCDB3861}.Debug|Any CPU.ActiveCfg = Debug|Any CPU
		{73531E2F-DC17-4957-920F-7DB9DCDB3861}.Debug|Any CPU.Build.0 = Debug|Any CPU
		{73531E2F-DC17-4957-920F-7DB9DCDB3861}.Release|Any CPU.ActiveCfg = Release|Any CPU
		{73531E2F-DC17-4957-920F-7DB9DCDB3861}.Release|Any CPU.Build.0 = Release|Any CPU
		{F9EA040E-1CCC-4139-8503-ECD38058327F}.Debug|Any CPU.ActiveCfg = Debug|Any CPU
		{F9EA040E-1CCC-4139-8503-ECD38058327F}.Debug|Any CPU.Build.0 = Debug|Any CPU
		{F9EA040E-1CCC-4139-8503-ECD38058327F}.Release|Any CPU.ActiveCfg = Release|Any CPU
		{F9EA040E-1CCC-4139-8503-ECD38058327F}.Release|Any CPU.Build.0 = Release|Any CPU
		{5FD0FBE3-598F-462B-B94C-D97E67103766}.Debug|Any CPU.ActiveCfg = Debug|Any CPU
		{5FD0FBE3-598F-462B-B94C-D97E67103766}.Debug|Any CPU.Build.0 = Debug|Any CPU
		{5FD0FBE3-598F-462B-B94C-D97E67103766}.Release|Any CPU.ActiveCfg = Release|Any CPU
		{5FD0FBE3-598F-462B-B94C-D97E67103766}.Release|Any CPU.Build.0 = Release|Any CPU
	EndGlobalSection
	GlobalSection(SolutionProperties) = preSolution
		HideSolutionNode = FALSE
	EndGlobalSection
	GlobalSection(NestedProjects) = preSolution
		{F0B93307-0535-44D9-8242-2206DB4F3632} = {99386590-8A31-4357-9F81-06017BA5D325}
		{F6CA9581-1B0D-4170-98C8-E1273179B56F} = {F0B93307-0535-44D9-8242-2206DB4F3632}
		{A897384D-0E04-454F-B9C1-257F3C2F8010} = {99386590-8A31-4357-9F81-06017BA5D325}
		{B227C7D1-D3BA-4B6B-83DA-82D2AED98C49} = {A897384D-0E04-454F-B9C1-257F3C2F8010}
		{A4D70622-01DE-4507-9A63-EE49566A2E23} = {B227C7D1-D3BA-4B6B-83DA-82D2AED98C49}
		{AB5444B0-357D-4E43-8A41-EA6A6B51EAE0} = {A897384D-0E04-454F-B9C1-257F3C2F8010}
		{A9616E0B-DF08-4D22-AB82-970FB1A8CC24} = {AB5444B0-357D-4E43-8A41-EA6A6B51EAE0}
		{EFD84152-B1CA-4591-91FE-ADA3A236ECCB} = {A897384D-0E04-454F-B9C1-257F3C2F8010}
		{9F7443A4-14D9-4D5A-A02C-B3ECD1BD1194} = {EFD84152-B1CA-4591-91FE-ADA3A236ECCB}
		{798DCA3A-2BC3-4BBB-A74A-D9E7569C3D7D} = {A897384D-0E04-454F-B9C1-257F3C2F8010}
		{F71F5BF1-984E-4009-805F-803D6F13BAF2} = {798DCA3A-2BC3-4BBB-A74A-D9E7569C3D7D}
		{32F1F54B-DEEF-4D6A-9038-42EC582EEEFE} = {99386590-8A31-4357-9F81-06017BA5D325}
		{CE061642-408D-46EC-B279-E594271812AB} = {32F1F54B-DEEF-4D6A-9038-42EC582EEEFE}
		{87FF9C10-408C-4C4D-B734-68B33C5B8F80} = {CE061642-408D-46EC-B279-E594271812AB}
		{943AC42B-0F8A-4853-BF0E-CACEE0B04CF9} = {99386590-8A31-4357-9F81-06017BA5D325}
		{20CE9811-274C-462F-9E16-48878089A6DF} = {943AC42B-0F8A-4853-BF0E-CACEE0B04CF9}
		{C31453E8-D864-48CD-97CF-40AED903CC29} = {99386590-8A31-4357-9F81-06017BA5D325}
		{0B9D8A69-46D6-4C13-9A07-555BD4911C23} = {C31453E8-D864-48CD-97CF-40AED903CC29}
		{FD53D14D-9966-437C-98E0-13AFC61C80ED} = {99386590-8A31-4357-9F81-06017BA5D325}
		{A573422E-FDC2-4E1A-8ABF-84C738EFC0CE} = {FD53D14D-9966-437C-98E0-13AFC61C80ED}
	EndGlobalSection
	GlobalSection(ExtensibilityGlobals) = postSolution
		SolutionGuid = {99B98CA4-EAE9-4AFC-B3C0-B3BDD0F1FA36}
	EndGlobalSection
EndGlobal
